# This file was autogenerated by Stack.
# You should not edit this file by hand.
# For more information, please see the documentation at:
#   https://docs.haskellstack.org/en/stable/lock_files

packages:
- completed:
    size: 127694
    url: https://github.com/patrickt/distributed-process/archive/792ff033db2e2c0692cc639ea2c912072f6d929c.tar.gz
    name: distributed-process
    version: 0.7.4
    sha256: f54cc9c55143a094b0f83d6593f9aa0033b46adcea5b5016b7088bcb86af09e0
    pantry-tree:
      size: 5756
      sha256: de72090773382808713848c5016a8b9ad4c4930f3d8bf8163ad77651ab2b48b2
  original:
    url: https://github.com/patrickt/distributed-process/archive/792ff033db2e2c0692cc639ea2c912072f6d929c.tar.gz
- completed:
    hackage: distributed-process-simplelocalnet-0.2.4@sha256:044a003f81a648f9fb9b1c7ae9cd8f753f5f1c32d9db5ff8b31e91e91f525ed7,3189
    pantry-tree:
      size: 510
      sha256: 68e2d25618d8f791d780369ba2237119acc597f6964ec00e11dbf0c796f10c1e
  original:
    hackage: distributed-process-simplelocalnet-0.2.4
- completed:
    hackage: distributed-static-0.3.9@sha256:0eb308ee416db4541cb5b4d2dff387e7c9394e6deaf76b7e829ce46add4448bc,2237
    pantry-tree:
      size: 286
      sha256: 4f42a4fe0ce97fb4a1ae2c947b6077ee718a5f11545a72387c13a0edc405d28e
  original:
    hackage: distributed-static-0.3.9
- completed:
    hackage: network-transport-tcp-0.6.1@sha256:04cf5c191eb2b93b2941027840e26ed47ab76a68e37ec958ed0feeefa285da86,3399
    pantry-tree:
      size: 651
      sha256: 47e83b8a3283d80a5d646d7298a70b0488d036515ac4ba7432b41f2d225de1de
  original:
    hackage: network-transport-tcp-0.6.1
- completed:
    hackage: containers-0.5.11.0@sha256:28ad7337057442f75bc689315ab4ec7bdf5e6b2c39668f306672cecd82c02798,16685
    pantry-tree:
      size: 4849
      sha256: faa4e75922a28f7cfe9920c1d7ab3866b792cefcd29bf79f54cfe3b6b5f57cbf
  original:
    hackage: containers-0.5.11.0@sha256:28ad7337057442f75bc689315ab4ec7bdf5e6b2c39668f306672cecd82c02798,16685
- completed:
    hackage: binary-0.8.8.0@sha256:e9387a7ef2b34c6a23b09664c306e37cc01ae2cb4e4511a1c96ffb14008c24b0,6262
    pantry-tree:
      size: 1976
      sha256: 271cd1e75af293fc25a489d860f094dc635a4ed8b56aa5b343c58f4637736ca3
  original:
    hackage: binary-0.8.8.0@sha256:e9387a7ef2b34c6a23b09664c306e37cc01ae2cb4e4511a1c96ffb14008c24b0,6262
- completed:
    hackage: network-2.6.3.6@sha256:1ca79d81af02d7acd6032d5e6c9bde4618a8fdcfbe19bd42b49d420183975df0,2666
    pantry-tree:
      size: 2254
      sha256: 56285baa11d679521837e1f41311a1aeafa522e7637d408d3decd99c083edba1
  original:
    hackage: network-2.6.3.6@sha256:1ca79d81af02d7acd6032d5e6c9bde4618a8fdcfbe19bd42b49d420183975df0,2666
- completed:
    hackage: network-multicast-0.2.0@sha256:7cc2bd715f98ab0d891e8893b60a9a0048b5ae5b804acea96849f4ecf7260ac2,1009
    pantry-tree:
      size: 346
      sha256: 79cfc56a8ad0e08c357d44b7095705b944ea2f62c37114ba90f330ceaed1bd63
  original:
    hackage: network-multicast-0.2.0@sha256:7cc2bd715f98ab0d891e8893b60a9a0048b5ae5b804acea96849f4ecf7260ac2,1009
- completed:
    hackage: text-1.2.4.0@sha256:8c24450feb8e3bbb7ea3e17af24ef57e85db077c4bf53e5bcc345b283d1b1d5b,10081
    pantry-tree:
      size: 7457
      sha256: 3437b0a73ce2ae1a81aa8b3438d41a85981c00894cdbee0d6d6d6873046a5d5d
  original:
    hackage: text-1.2.4.0@sha256:8c24450feb8e3bbb7ea3e17af24ef57e85db077c4bf53e5bcc345b283d1b1d5b,10081
snapshots:
- completed:
    size: 524996
    url: https://raw.githubusercontent.com/commercialhaskell/stackage-snapshots/master/lts/14/27.yaml
    sha256: 7ea31a280c56bf36ff591a7397cc384d0dff622e7f9e4225b47d8980f019a0f0
  original: lts-14.27
